
Microsoft Visual Studio Solution File, Format Version 12.00
# Visual Studio Version 17
VisualStudioVersion = 17.9.34701.34
MinimumVisualStudioVersion = 10.0.40219.1
Project("{9A19103F-16F7-4668-BE54-9A1E7A4F7556}") = "C#ProjeDeneme1", "C#ProjeDeneme1.csproj", "{4FCA538B-E805-4AEB-B74E-4CA1C9D3BCB4}"
EndProject
Global
	GlobalSection(SolutionConfigurationPlatforms) = preSolution
		Debug|Any CPU = Debug|Any CPU
		Release|Any CPU = Release|Any CPU
	EndGlobalSection
	GlobalSection(ProjectConfigurationPlatforms) = postSolution
		{4FCA538B-E805-4AEB-B74E-4CA1C9D3BCB4}.Debug|Any CPU.ActiveCfg = Debug|Any CPU
		{4FCA538B-E805-4AEB-B74E-4CA1C9D3BCB4}.Debug|Any CPU.Build.0 = Debug|Any CPU
		{4FCA538B-E805-4AEB-B74E-4CA1C9D3BCB4}.Release|Any CPU.ActiveCfg = Release|Any CPU
		{4FCA538B-E805-4AEB-B74E-4CA1C9D3BCB4}.Release|Any CPU.Build.0 = Release|Any CPU
	EndGlobalSection
	GlobalSection(SolutionProperties) = preSolution
		HideSolutionNode = FALSE
	EndGlobalSection
	GlobalSection(ExtensibilityGlobals) = postSolution
		SolutionGuid = {64B4EB98-6ADA-446D-97D4-451ADBAAC6D6}
	EndGlobalSection
EndGlobal
